Microsoft Visual Studio Solution File, Format Version 12.00
# Visual Studio Version 17
VisualStudioVersion = 17.5.2.0
MinimumVisualStudioVersion = 10.0.40219.1
Project("{2150E333-8FDC-42A3-9474-1A3956D46DE8}") = "src", "src", "{827E0CD3-B72D-47B6-A68D-7590B98EB39B}"
EndProject
Project("{2150E333-8FDC-42A3-9474-1A3956D46DE8}") = "Scripts", "Scripts", "{F5D6AA94-3B3D-A482-BBC4-8A508104825B}"
EndProject
Project("{FAE04EC0-301F-11D3-BF4B-00C04F79EFBC}") = "miniball", "src\Scripts\Miniball\miniball.csproj", "{A527BC0F-94DE-3A13-9961-1B9F3782B28C}"
EndProject
Global
	GlobalSection(SolutionConfigurationPlatforms) = preSolution
		Debug|Any CPU = Debug|Any CPU
		Release|Any CPU = Release|Any CPU
	EndGlobalSection
	GlobalSection(ProjectConfigurationPlatforms) = postSolution
		{A527BC0F-94DE-3A13-9961-1B9F3782B28C}.Debug|Any CPU.ActiveCfg = Debug|Any CPU
		{A527BC0F-94DE-3A13-9961-1B9F3782B28C}.Debug|Any CPU.Build.0 = Debug|Any CPU
		{A527BC0F-94DE-3A13-9961-1B9F3782B28C}.Release|Any CPU.ActiveCfg = Release|Any CPU
		{A527BC0F-94DE-3A13-9961-1B9F3782B28C}.Release|Any CPU.Build.0 = Release|Any CPU
	EndGlobalSection
	GlobalSection(SolutionProperties) = preSolution
		HideSolutionNode = FALSE
	EndGlobalSection
	GlobalSection(NestedProjects) = preSolution
		{F5D6AA94-3B3D-A482-BBC4-8A508104825B} = {827E0CD3-B72D-47B6-A68D-7590B98EB39B}
		{A527BC0F-94DE-3A13-9961-1B9F3782B28C} = {F5D6AA94-3B3D-A482-BBC4-8A508104825B}
	EndGlobalSection
	GlobalSection(ExtensibilityGlobals) = postSolution
		SolutionGuid = {DFD8316D-30DE-433B-ACA8-F7E46AC03CC8}
	EndGlobalSection
EndGlobal
